
Microsoft Visual Studio Solution File, Format Version 12.00
# Visual Studio Version 17
VisualStudioVersion = 17.4.33205.214
MinimumVisualStudioVersion = 10.0.40219.1
Project("{9A19103F-16F7-4668-BE54-9A1E7A4F7556}") = "TwaijriAPI.Pal", "TwaijriAPI.Pal\TwaijriAPI.Pal.csproj", "{B067F884-0F93-40DF-B5EF-8A8594F7A4C2}"
EndProject
Project("{FAE04EC0-301F-11D3-BF4B-00C04F79EFBC}") = "TwaijriAPI.Dal", "TwaijriAPI.Dal\TwaijriAPI.Dal.csproj", "{FFB1D837-86D6-470D-B2A3-6E84D3E71D6C}"
EndProject
Project("{FAE04EC0-301F-11D3-BF4B-00C04F79EFBC}") = "TwaijriAPI.Bal", "TwaijriAPI.Bal\TwaijriAPI.Bal.csproj", "{332DCFA0-771A-4038-A930-5B19B0204D95}"
EndProject
Global
	GlobalSection(SolutionConfigurationPlatforms) = preSolution
		Debug|Any CPU = Debug|Any CPU
		Release|Any CPU = Release|Any CPU
	EndGlobalSection
	GlobalSection(ProjectConfigurationPlatforms) = postSolution
		{B067F884-0F93-40DF-B5EF-8A8594F7A4C2}.Debug|Any CPU.ActiveCfg = Debug|Any CPU
		{B067F884-0F93-40DF-B5EF-8A8594F7A4C2}.Debug|Any CPU.Build.0 = Debug|Any CPU
		{B067F884-0F93-40DF-B5EF-8A8594F7A4C2}.Release|Any CPU.ActiveCfg = Release|Any CPU
		{B067F884-0F93-40DF-B5EF-8A8594F7A4C2}.Release|Any CPU.Build.0 = Release|Any CPU
		{FFB1D837-86D6-470D-B2A3-6E84D3E71D6C}.Debug|Any CPU.ActiveCfg = Debug|Any CPU
		{FFB1D837-86D6-470D-B2A3-6E84D3E71D6C}.Debug|Any CPU.Build.0 = Debug|Any CPU
		{FFB1D837-86D6-470D-B2A3-6E84D3E71D6C}.Release|Any CPU.ActiveCfg = Release|Any CPU
		{FFB1D837-86D6-470D-B2A3-6E84D3E71D6C}.Release|Any CPU.Build.0 = Release|Any CPU
		{332DCFA0-771A-4038-A930-5B19B0204D95}.Debug|Any CPU.ActiveCfg = Debug|Any CPU
		{332DCFA0-771A-4038-A930-5B19B0204D95}.Debug|Any CPU.Build.0 = Debug|Any CPU
		{332DCFA0-771A-4038-A930-5B19B0204D95}.Release|Any CPU.ActiveCfg = Release|Any CPU
		{332DCFA0-771A-4038-A930-5B19B0204D95}.Release|Any CPU.Build.0 = Release|Any CPU
	EndGlobalSection
	GlobalSection(SolutionProperties) = preSolution
		HideSolutionNode = FALSE
	EndGlobalSection
	GlobalSection(ExtensibilityGlobals) = postSolution
		SolutionGuid = {24D7AD95-4968-4648-B66A-1868932CBB38}
	EndGlobalSection
EndGlobal
